
Microsoft Visual Studio Solution File, Format Version 12.00
# Visual Studio Version 16
VisualStudioVersion = 16.0.30114.105
MinimumVisualStudioVersion = 10.0.40219.1
Project("{FAE04EC0-301F-11D3-BF4B-00C04F79EFBC}") = "R5T.F0004.Construction", "R5T.F0004.Construction\R5T.F0004.Construction.csproj", "{E346E627-7937-4806-A25F-2762C5DA2AA4}"
EndProject
Project("{FAE04EC0-301F-11D3-BF4B-00C04F79EFBC}") = "R5T.F0004", "R5T.F0004\R5T.F0004.csproj", "{8F3CE839-38F8-46E5-8C3A-59865865EFF2}"
EndProject
Project("{2150E333-8FDC-42A3-9474-1A3956D46DE8}") = "_Dependencies", "_Dependencies", "{69A4C570-B7F8-4184-A07A-A860C5815CF7}"
EndProject
Project("{9A19103F-16F7-4668-BE54-9A1E7A4F7556}") = "R5T.L0011", "..\..\R5T.L0011\source\R5T.L0011\R5T.L0011.csproj", "{F6B6EEFC-DE87-4B4F-851C-6C5454003D45}"
EndProject
Project("{9A19103F-16F7-4668-BE54-9A1E7A4F7556}") = "R5T.T0131", "..\..\R5T.T0131\source\R5T.T0131\R5T.T0131.csproj", "{7914E272-0223-4D4D-A99F-FB773CEAF948}"
EndProject
Project("{9A19103F-16F7-4668-BE54-9A1E7A4F7556}") = "R5T.T0132", "..\..\R5T.T0132\source\R5T.T0132\R5T.T0132.csproj", "{2702A114-DAD9-426F-B082-57E1F186E0D5}"
EndProject
Project("{9A19103F-16F7-4668-BE54-9A1E7A4F7556}") = "R5T.T0143", "..\..\R5T.T0143\source\R5T.T0143\R5T.T0143.csproj", "{A4883694-BC2E-4BE9-B0DC-2E83AD61D75B}"
EndProject
Project("{9A19103F-16F7-4668-BE54-9A1E7A4F7556}") = "R5T.T0156", "..\..\R5T.T0156\source\R5T.T0156\R5T.T0156.csproj", "{77FE0955-FFF8-4543-8508-BA0B6FB7B740}"
EndProject
Project("{9A19103F-16F7-4668-BE54-9A1E7A4F7556}") = "R5T.Y0000", "..\..\R5T.Y0000\source\R5T.Y0000\R5T.Y0000.csproj", "{3784A054-1AE7-4467-9345-4E9B10FA2BA3}"
EndProject
Project("{9A19103F-16F7-4668-BE54-9A1E7A4F7556}") = "R5T.Y0006", "..\..\R5T.Y0006\source\R5T.Y0006\R5T.Y0006.csproj", "{57C30683-724F-4733-A0B4-7F2A54A97986}"
EndProject
Project("{9A19103F-16F7-4668-BE54-9A1E7A4F7556}") = "R5T.Z0000", "..\..\R5T.Z0000\source\R5T.Z0000\R5T.Z0000.csproj", "{7FAEC825-B688-46C7-BBBA-5AB2E6482517}"
EndProject
Global
	GlobalSection(NestedProjects) = preSolution
		{F6B6EEFC-DE87-4B4F-851C-6C5454003D45} = {69A4C570-B7F8-4184-A07A-A860C5815CF7}
		{7914E272-0223-4D4D-A99F-FB773CEAF948} = {69A4C570-B7F8-4184-A07A-A860C5815CF7}
		{2702A114-DAD9-426F-B082-57E1F186E0D5} = {69A4C570-B7F8-4184-A07A-A860C5815CF7}
		{A4883694-BC2E-4BE9-B0DC-2E83AD61D75B} = {69A4C570-B7F8-4184-A07A-A860C5815CF7}
		{77FE0955-FFF8-4543-8508-BA0B6FB7B740} = {69A4C570-B7F8-4184-A07A-A860C5815CF7}
		{3784A054-1AE7-4467-9345-4E9B10FA2BA3} = {69A4C570-B7F8-4184-A07A-A860C5815CF7}
		{57C30683-724F-4733-A0B4-7F2A54A97986} = {69A4C570-B7F8-4184-A07A-A860C5815CF7}
		{7FAEC825-B688-46C7-BBBA-5AB2E6482517} = {69A4C570-B7F8-4184-A07A-A860C5815CF7}
	EndGlobalSection
	GlobalSection(SolutionConfigurationPlatforms) = preSolution
		Debug|Any CPU = Debug|Any CPU
		Debug|x64 = Debug|x64
		Debug|x86 = Debug|x86
		Release|Any CPU = Release|Any CPU
		Release|x64 = Release|x64
		Release|x86 = Release|x86
	EndGlobalSection
	GlobalSection(ProjectConfigurationPlatforms) = postSolution
		{E346E627-7937-4806-A25F-2762C5DA2AA4}.Debug|Any CPU.ActiveCfg = Debug|Any CPU
		{E346E627-7937-4806-A25F-2762C5DA2AA4}.Debug|Any CPU.Build.0 = Debug|Any CPU
		{E346E627-7937-4806-A25F-2762C5DA2AA4}.Debug|x64.ActiveCfg = Debug|Any CPU
		{E346E627-7937-4806-A25F-2762C5DA2AA4}.Debug|x64.Build.0 = Debug|Any CPU
		{E346E627-7937-4806-A25F-2762C5DA2AA4}.Debug|x86.ActiveCfg = Debug|Any CPU
		{E346E627-7937-4806-A25F-2762C5DA2AA4}.Debug|x86.Build.0 = Debug|Any CPU
		{E346E627-7937-4806-A25F-2762C5DA2AA4}.Release|Any CPU.ActiveCfg = Release|Any CPU
		{E346E627-7937-4806-A25F-2762C5DA2AA4}.Release|Any CPU.Build.0 = Release|Any CPU
		{E346E627-7937-4806-A25F-2762C5DA2AA4}.Release|x64.ActiveCfg = Release|Any CPU
		{E346E627-7937-4806-A25F-2762C5DA2AA4}.Release|x64.Build.0 = Release|Any CPU
		{E346E627-7937-4806-A25F-2762C5DA2AA4}.Release|x86.ActiveCfg = Release|Any CPU
		{E346E627-7937-4806-A25F-2762C5DA2AA4}.Release|x86.Build.0 = Release|Any CPU
		{8F3CE839-38F8-46E5-8C3A-59865865EFF2}.Debug|Any CPU.ActiveCfg = Debug|Any CPU
		{8F3CE839-38F8-46E5-8C3A-59865865EFF2}.Debug|Any CPU.Build.0 = Debug|Any CPU
		{8F3CE839-38F8-46E5-8C3A-59865865EFF2}.Debug|x64.ActiveCfg = Debug|Any CPU
		{8F3CE839-38F8-46E5-8C3A-59865865EFF2}.Debug|x64.Build.0 = Debug|Any CPU
		{8F3CE839-38F8-46E5-8C3A-59865865EFF2}.Debug|x86.ActiveCfg = Debug|Any CPU
		{8F3CE839-38F8-46E5-8C3A-59865865EFF2}.Debug|x86.Build.0 = Debug|Any CPU
		{8F3CE839-38F8-46E5-8C3A-59865865EFF2}.Release|Any CPU.ActiveCfg = Release|Any CPU
		{8F3CE839-38F8-46E5-8C3A-59865865EFF2}.Release|Any CPU.Build.0 = Release|Any CPU
		{8F3CE839-38F8-46E5-8C3A-59865865EFF2}.Release|x64.ActiveCfg = Release|Any CPU
		{8F3CE839-38F8-46E5-8C3A-59865865EFF2}.Release|x64.Build.0 = Release|Any CPU
		{8F3CE839-38F8-46E5-8C3A-59865865EFF2}.Release|x86.ActiveCfg = Release|Any CPU
		{8F3CE839-38F8-46E5-8C3A-59865865EFF2}.Release|x86.Build.0 = Release|Any CPU
		{F6B6EEFC-DE87-4B4F-851C-6C5454003D45}.Debug|Any CPU.ActiveCfg = Debug|Any CPU
		{F6B6EEFC-DE87-4B4F-851C-6C5454003D45}.Debug|Any CPU.Build.0 = Debug|Any CPU
		{F6B6EEFC-DE87-4B4F-851C-6C5454003D45}.Debug|x64.ActiveCfg = Debug|Any CPU
		{F6B6EEFC-DE87-4B4F-851C-6C5454003D45}.Debug|x64.Build.0 = Debug|Any CPU
		{F6B6EEFC-DE87-4B4F-851C-6C5454003D45}.Debug|x86.ActiveCfg = Debug|Any CPU
		{F6B6EEFC-DE87-4B4F-851C-6C5454003D45}.Debug|x86.Build.0 = Debug|Any CPU
		{F6B6EEFC-DE87-4B4F-851C-6C5454003D45}.Release|Any CPU.ActiveCfg = Release|Any CPU
		{F6B6EEFC-DE87-4B4F-851C-6C5454003D45}.Release|Any CPU.Build.0 = Release|Any CPU
		{F6B6EEFC-DE87-4B4F-851C-6C5454003D45}.Release|x64.ActiveCfg = Release|Any CPU
		{F6B6EEFC-DE87-4B4F-851C-6C5454003D45}.Release|x64.Build.0 = Release|Any CPU
		{F6B6EEFC-DE87-4B4F-851C-6C5454003D45}.Release|x86.ActiveCfg = Release|Any CPU
		{F6B6EEFC-DE87-4B4F-851C-6C5454003D45}.Release|x86.Build.0 = Release|Any CPU
		{7914E272-0223-4D4D-A99F-FB773CEAF948}.Debug|Any CPU.ActiveCfg = Debug|Any CPU
		{7914E272-0223-4D4D-A99F-FB773CEAF948}.Debug|Any CPU.Build.0 = Debug|Any CPU
		{7914E272-0223-4D4D-A99F-FB773CEAF948}.Debug|x64.ActiveCfg = Debug|Any CPU
		{7914E272-0223-4D4D-A99F-FB773CEAF948}.Debug|x64.Build.0 = Debug|Any CPU
		{7914E272-0223-4D4D-A99F-FB773CEAF948}.Debug|x86.ActiveCfg = Debug|Any CPU
		{7914E272-0223-4D4D-A99F-FB773CEAF948}.Debug|x86.Build.0 = Debug|Any CPU
		{7914E272-0223-4D4D-A99F-FB773CEAF948}.Release|Any CPU.ActiveCfg = Release|Any CPU
		{7914E272-0223-4D4D-A99F-FB773CEAF948}.Release|Any CPU.Build.0 = Release|Any CPU
		{7914E272-0223-4D4D-A99F-FB773CEAF948}.Release|x64.ActiveCfg = Release|Any CPU
		{7914E272-0223-4D4D-A99F-FB773CEAF948}.Release|x64.Build.0 = Release|Any CPU
		{7914E272-0223-4D4D-A99F-FB773CEAF948}.Release|x86.ActiveCfg = Release|Any CPU
		{7914E272-0223-4D4D-A99F-FB773CEAF948}.Release|x86.Build.0 = Release|Any CPU
		{2702A114-DAD9-426F-B082-57E1F186E0D5}.Debug|Any CPU.ActiveCfg = Debug|Any CPU
		{2702A114-DAD9-426F-B082-57E1F186E0D5}.Debug|Any CPU.Build.0 = Debug|Any CPU
		{2702A114-DAD9-426F-B082-57E1F186E0D5}.Debug|x64.ActiveCfg = Debug|Any CPU
		{2702A114-DAD9-426F-B082-57E1F186E0D5}.Debug|x64.Build.0 = Debug|Any CPU
		{2702A114-DAD9-426F-B082-57E1F186E0D5}.Debug|x86.ActiveCfg = Debug|Any CPU
		{2702A114-DAD9-426F-B082-57E1F186E0D5}.Debug|x86.Build.0 = Debug|Any CPU
		{2702A114-DAD9-426F-B082-57E1F186E0D5}.Release|Any CPU.ActiveCfg = Release|Any CPU
		{2702A114-DAD9-426F-B082-57E1F186E0D5}.Release|Any CPU.Build.0 = Release|Any CPU
		{2702A114-DAD9-426F-B082-57E1F186E0D5}.Release|x64.ActiveCfg = Release|Any CPU
		{2702A114-DAD9-426F-B082-57E1F186E0D5}.Release|x64.Build.0 = Release|Any CPU
		{2702A114-DAD9-426F-B082-57E1F186E0D5}.Release|x86.ActiveCfg = Release|Any CPU
		{2702A114-DAD9-426F-B082-57E1F186E0D5}.Release|x86.Build.0 = Release|Any CPU
		{A4883694-BC2E-4BE9-B0DC-2E83AD61D75B}.Debug|Any CPU.ActiveCfg = Debug|Any CPU
		{A4883694-BC2E-4BE9-B0DC-2E83AD61D75B}.Debug|Any CPU.Build.0 = Debug|Any CPU
		{A4883694-BC2E-4BE9-B0DC-2E83AD61D75B}.Debug|x64.ActiveCfg = Debug|Any CPU
		{A4883694-BC2E-4BE9-B0DC-2E83AD61D75B}.Debug|x64.Build.0 = Debug|Any CPU
		{A4883694-BC2E-4BE9-B0DC-2E83AD61D75B}.Debug|x86.ActiveCfg = Debug|Any CPU
		{A4883694-BC2E-4BE9-B0DC-2E83AD61D75B}.Debug|x86.Build.0 = Debug|Any CPU
		{A4883694-BC2E-4BE9-B0DC-2E83AD61D75B}.Release|Any CPU.ActiveCfg = Release|Any CPU
		{A4883694-BC2E-4BE9-B0DC-2E83AD61D75B}.Release|Any CPU.Build.0 = Release|Any CPU
		{A4883694-BC2E-4BE9-B0DC-2E83AD61D75B}.Release|x64.ActiveCfg = Release|Any CPU
		{A4883694-BC2E-4BE9-B0DC-2E83AD61D75B}.Release|x64.Build.0 = Release|Any CPU
		{A4883694-BC2E-4BE9-B0DC-2E83AD61D75B}.Release|x86.ActiveCfg = Release|Any CPU
		{A4883694-BC2E-4BE9-B0DC-2E83AD61D75B}.Release|x86.Build.0 = Release|Any CPU
		{77FE0955-FFF8-4543-8508-BA0B6FB7B740}.Debug|Any CPU.ActiveCfg = Debug|Any CPU
		{77FE0955-FFF8-4543-8508-BA0B6FB7B740}.Debug|Any CPU.Build.0 = Debug|Any CPU
		{77FE0955-FFF8-4543-8508-BA0B6FB7B740}.Debug|x64.ActiveCfg = Debug|Any CPU
		{77FE0955-FFF8-4543-8508-BA0B6FB7B740}.Debug|x64.Build.0 = Debug|Any CPU
		{77FE0955-FFF8-4543-8508-BA0B6FB7B740}.Debug|x86.ActiveCfg = Debug|Any CPU
		{77FE0955-FFF8-4543-8508-BA0B6FB7B740}.Debug|x86.Build.0 = Debug|Any CPU
		{77FE0955-FFF8-4543-8508-BA0B6FB7B740}.Release|Any CPU.ActiveCfg = Release|Any CPU
		{77FE0955-FFF8-4543-8508-BA0B6FB7B740}.Release|Any CPU.Build.0 = Release|Any CPU
		{77FE0955-FFF8-4543-8508-BA0B6FB7B740}.Release|x64.ActiveCfg = Release|Any CPU
		{77FE0955-FFF8-4543-8508-BA0B6FB7B740}.Release|x64.Build.0 = Release|Any CPU
		{77FE0955-FFF8-4543-8508-BA0B6FB7B740}.Release|x86.ActiveCfg = Release|Any CPU
		{77FE0955-FFF8-4543-8508-BA0B6FB7B740}.Release|x86.Build.0 = Release|Any CPU
		{3784A054-1AE7-4467-9345-4E9B10FA2BA3}.Debug|Any CPU.ActiveCfg = Debug|Any CPU
		{3784A054-1AE7-4467-9345-4E9B10FA2BA3}.Debug|Any CPU.Build.0 = Debug|Any CPU
		{3784A054-1AE7-4467-9345-4E9B10FA2BA3}.Debug|x64.ActiveCfg = Debug|Any CPU
		{3784A054-1AE7-4467-9345-4E9B10FA2BA3}.Debug|x64.Build.0 = Debug|Any CPU
		{3784A054-1AE7-4467-9345-4E9B10FA2BA3}.Debug|x86.ActiveCfg = Debug|Any CPU
		{3784A054-1AE7-4467-9345-4E9B10FA2BA3}.Debug|x86.Build.0 = Debug|Any CPU
		{3784A054-1AE7-4467-9345-4E9B10FA2BA3}.Release|Any CPU.ActiveCfg = Release|Any CPU
		{3784A054-1AE7-4467-9345-4E9B10FA2BA3}.Release|Any CPU.Build.0 = Release|Any CPU
		{3784A054-1AE7-4467-9345-4E9B10FA2BA3}.Release|x64.ActiveCfg = Release|Any CPU
		{3784A054-1AE7-4467-9345-4E9B10FA2BA3}.Release|x64.Build.0 = Release|Any CPU
		{3784A054-1AE7-4467-9345-4E9B10FA2BA3}.Release|x86.ActiveCfg = Release|Any CPU
		{3784A054-1AE7-4467-9345-4E9B10FA2BA3}.Release|x86.Build.0 = Release|Any CPU
		{57C30683-724F-4733-A0B4-7F2A54A97986}.Debug|Any CPU.ActiveCfg = Debug|Any CPU
		{57C30683-724F-4733-A0B4-7F2A54A97986}.Debug|Any CPU.Build.0 = Debug|Any CPU
		{57C30683-724F-4733-A0B4-7F2A54A97986}.Debug|x64.ActiveCfg = Debug|Any CPU
		{57C30683-724F-4733-A0B4-7F2A54A97986}.Debug|x64.Build.0 = Debug|Any CPU
		{57C30683-724F-4733-A0B4-7F2A54A97986}.Debug|x86.ActiveCfg = Debug|Any CPU
		{57C30683-724F-4733-A0B4-7F2A54A97986}.Debug|x86.Build.0 = Debug|Any CPU
		{57C30683-724F-4733-A0B4-7F2A54A97986}.Release|Any CPU.ActiveCfg = Release|Any CPU
		{57C30683-724F-4733-A0B4-7F2A54A97986}.Release|Any CPU.Build.0 = Release|Any CPU
		{57C30683-724F-4733-A0B4-7F2A54A97986}.Release|x64.ActiveCfg = Release|Any CPU
		{57C30683-724F-4733-A0B4-7F2A54A97986}.Release|x64.Build.0 = Release|Any CPU
		{57C30683-724F-4733-A0B4-7F2A54A97986}.Release|x86.ActiveCfg = Release|Any CPU
		{57C30683-724F-4733-A0B4-7F2A54A97986}.Release|x86.Build.0 = Release|Any CPU
		{7FAEC825-B688-46C7-BBBA-5AB2E6482517}.Debug|Any CPU.ActiveCfg = Debug|Any CPU
		{7FAEC825-B688-46C7-BBBA-5AB2E6482517}.Debug|Any CPU.Build.0 = Debug|Any CPU
		{7FAEC825-B688-46C7-BBBA-5AB2E6482517}.Debug|x64.ActiveCfg = Debug|Any CPU
		{7FAEC825-B688-46C7-BBBA-5AB2E6482517}.Debug|x64.Build.0 = Debug|Any CPU
		{7FAEC825-B688-46C7-BBBA-5AB2E6482517}.Debug|x86.ActiveCfg = Debug|Any CPU
		{7FAEC825-B688-46C7-BBBA-5AB2E6482517}.Debug|x86.Build.0 = Debug|Any CPU
		{7FAEC825-B688-46C7-BBBA-5AB2E6482517}.Release|Any CPU.ActiveCfg = Release|Any CPU
		{7FAEC825-B688-46C7-BBBA-5AB2E6482517}.Release|Any CPU.Build.0 = Release|Any CPU
		{7FAEC825-B688-46C7-BBBA-5AB2E6482517}.Release|x64.ActiveCfg = Release|Any CPU
		{7FAEC825-B688-46C7-BBBA-5AB2E6482517}.Release|x64.Build.0 = Release|Any CPU
		{7FAEC825-B688-46C7-BBBA-5AB2E6482517}.Release|x86.ActiveCfg = Release|Any CPU
		{7FAEC825-B688-46C7-BBBA-5AB2E6482517}.Release|x86.Build.0 = Release|Any CPU
	EndGlobalSection
	GlobalSection(SolutionProperties) = preSolution
		HideSolutionNode = FALSE
	EndGlobalSection
EndGlobal
